
Microsoft Visual Studio Solution File, Format Version 12.00
# Visual Studio Version 17
VisualStudioVersion = 17.10.35013.160
MinimumVisualStudioVersion = 10.0.40219.1
Project("{FAE04EC0-301F-11D3-BF4B-00C04F79EFBC}") = "ThreadsDZ1", "ThreadsDZ1.csproj", "{73F691CD-C883-4C3F-BBB4-678F7DA94B5B}"
EndProject
Global
	GlobalSection(SolutionConfigurationPlatforms) = preSolution
		Debug|Any CPU = Debug|Any CPU
		Release|Any CPU = Release|Any CPU
	EndGlobalSection
	GlobalSection(ProjectConfigurationPlatforms) = postSolution
		{73F691CD-C883-4C3F-BBB4-678F7DA94B5B}.Debug|Any CPU.ActiveCfg = Debug|Any CPU
		{73F691CD-C883-4C3F-BBB4-678F7DA94B5B}.Debug|Any CPU.Build.0 = Debug|Any CPU
		{73F691CD-C883-4C3F-BBB4-678F7DA94B5B}.Release|Any CPU.ActiveCfg = Release|Any CPU
		{73F691CD-C883-4C3F-BBB4-678F7DA94B5B}.Release|Any CPU.Build.0 = Release|Any CPU
	EndGlobalSection
	GlobalSection(SolutionProperties) = preSolution
		HideSolutionNode = FALSE
	EndGlobalSection
	GlobalSection(ExtensibilityGlobals) = postSolution
		SolutionGuid = {6A84CC03-65A9-4329-9687-4CDE1A981E1B}
	EndGlobalSection
EndGlobal
